
Microsoft Visual Studio Solution File, Format Version 12.00
# Visual Studio Version 17
VisualStudioVersion = 17.10.34916.146
MinimumVisualStudioVersion = 10.0.40219.1
Project("{FAE04EC0-301F-11D3-BF4B-00C04F79EFBC}") = "MostAspNetCore", "MostAspNetCore\MostAspNetCore.csproj", "{536DDA8D-F5DF-48A6-A5A9-201A245EAFC6}"
EndProject
Project("{FAE04EC0-301F-11D3-BF4B-00C04F79EFBC}") = "MostLib", "MostLib\MostLib.csproj", "{20FA0DFD-352A-43EE-9075-02248A02B891}"
EndProject
Global
	GlobalSection(SolutionConfigurationPlatforms) = preSolution
		Debug|Any CPU = Debug|Any CPU
		Release|Any CPU = Release|Any CPU
	EndGlobalSection
	GlobalSection(ProjectConfigurationPlatforms) = postSolution
		{536DDA8D-F5DF-48A6-A5A9-201A245EAFC6}.Debug|Any CPU.ActiveCfg = Debug|Any CPU
		{536DDA8D-F5DF-48A6-A5A9-201A245EAFC6}.Debug|Any CPU.Build.0 = Debug|Any CPU
		{536DDA8D-F5DF-48A6-A5A9-201A245EAFC6}.Release|Any CPU.ActiveCfg = Release|Any CPU
		{536DDA8D-F5DF-48A6-A5A9-201A245EAFC6}.Release|Any CPU.Build.0 = Release|Any CPU
		{20FA0DFD-352A-43EE-9075-02248A02B891}.Debug|Any CPU.ActiveCfg = Debug|Any CPU
		{20FA0DFD-352A-43EE-9075-02248A02B891}.Debug|Any CPU.Build.0 = Debug|Any CPU
		{20FA0DFD-352A-43EE-9075-02248A02B891}.Release|Any CPU.ActiveCfg = Release|Any CPU
		{20FA0DFD-352A-43EE-9075-02248A02B891}.Release|Any CPU.Build.0 = Release|Any CPU
	EndGlobalSection
	GlobalSection(SolutionProperties) = preSolution
		HideSolutionNode = FALSE
	EndGlobalSection
	GlobalSection(ExtensibilityGlobals) = postSolution
		SolutionGuid = {7846BAAA-A577-4344-A7AC-2EE9E7E3AF4D}
	EndGlobalSection
EndGlobal
